
Microsoft Visual Studio Solution File, Format Version 12.00
# Visual Studio Version 17
VisualStudioVersion = 17.0.31903.59
MinimumVisualStudioVersion = 10.0.40219.1
Project("{9A19103F-16F7-4668-BE54-9A1E7A4F7556}") = "WPF-MSIX-Detect", "WPF-MSIX-Detect\WPF-MSIX-Detect.csproj", "{D2EA6E2F-786E-491E-99CA-9E004AFAE583}"
EndProject
Project("{C7167F0D-BC9F-4E6E-AFE1-012C56B48DB5}") = "WPF-MSIX-Detect.Package", "WPF-MSIX-Detect.Package\WPF-MSIX-Detect.Package.wapproj", "{5D6874D0-2024-42D0-9B25-FB807BADF32E}"
EndProject
Global
	GlobalSection(SolutionConfigurationPlatforms) = preSolution
		Debug|Any CPU = Debug|Any CPU
		Debug|ARM = Debug|ARM
		Debug|ARM64 = Debug|ARM64
		Debug|x64 = Debug|x64
		Debug|x86 = Debug|x86
		Release|Any CPU = Release|Any CPU
		Release|ARM = Release|ARM
		Release|ARM64 = Release|ARM64
		Release|x64 = Release|x64
		Release|x86 = Release|x86
	EndGlobalSection
	GlobalSection(ProjectConfigurationPlatforms) = postSolution
		{D2EA6E2F-786E-491E-99CA-9E004AFAE583}.Debug|Any CPU.ActiveCfg = Debug|x64
		{D2EA6E2F-786E-491E-99CA-9E004AFAE583}.Debug|Any CPU.Build.0 = Debug|x64
		{D2EA6E2F-786E-491E-99CA-9E004AFAE583}.Debug|ARM.ActiveCfg = Debug|Any CPU
		{D2EA6E2F-786E-491E-99CA-9E004AFAE583}.Debug|ARM.Build.0 = Debug|Any CPU
		{D2EA6E2F-786E-491E-99CA-9E004AFAE583}.Debug|ARM64.ActiveCfg = Debug|Any CPU
		{D2EA6E2F-786E-491E-99CA-9E004AFAE583}.Debug|ARM64.Build.0 = Debug|Any CPU
		{D2EA6E2F-786E-491E-99CA-9E004AFAE583}.Debug|x64.ActiveCfg = Debug|x64
		{D2EA6E2F-786E-491E-99CA-9E004AFAE583}.Debug|x64.Build.0 = Debug|x64
		{D2EA6E2F-786E-491E-99CA-9E004AFAE583}.Debug|x86.ActiveCfg = Debug|x86
		{D2EA6E2F-786E-491E-99CA-9E004AFAE583}.Debug|x86.Build.0 = Debug|x86
		{D2EA6E2F-786E-491E-99CA-9E004AFAE583}.Release|Any CPU.ActiveCfg = Release|Any CPU
		{D2EA6E2F-786E-491E-99CA-9E004AFAE583}.Release|Any CPU.Build.0 = Release|Any CPU
		{D2EA6E2F-786E-491E-99CA-9E004AFAE583}.Release|ARM.ActiveCfg = Release|Any CPU
		{D2EA6E2F-786E-491E-99CA-9E004AFAE583}.Release|ARM.Build.0 = Release|Any CPU
		{D2EA6E2F-786E-491E-99CA-9E004AFAE583}.Release|ARM64.ActiveCfg = Release|Any CPU
		{D2EA6E2F-786E-491E-99CA-9E004AFAE583}.Release|ARM64.Build.0 = Release|Any CPU
		{D2EA6E2F-786E-491E-99CA-9E004AFAE583}.Release|x64.ActiveCfg = Release|x64
		{D2EA6E2F-786E-491E-99CA-9E004AFAE583}.Release|x64.Build.0 = Release|x64
		{D2EA6E2F-786E-491E-99CA-9E004AFAE583}.Release|x86.ActiveCfg = Release|x86
		{D2EA6E2F-786E-491E-99CA-9E004AFAE583}.Release|x86.Build.0 = Release|x86
		{5D6874D0-2024-42D0-9B25-FB807BADF32E}.Debug|Any CPU.ActiveCfg = Debug|Any CPU
		{5D6874D0-2024-42D0-9B25-FB807BADF32E}.Debug|Any CPU.Build.0 = Debug|Any CPU
		{5D6874D0-2024-42D0-9B25-FB807BADF32E}.Debug|Any CPU.Deploy.0 = Debug|Any CPU
		{5D6874D0-2024-42D0-9B25-FB807BADF32E}.Debug|ARM.ActiveCfg = Debug|ARM
		{5D6874D0-2024-42D0-9B25-FB807BADF32E}.Debug|ARM.Build.0 = Debug|ARM
		{5D6874D0-2024-42D0-9B25-FB807BADF32E}.Debug|ARM.Deploy.0 = Debug|ARM
		{5D6874D0-2024-42D0-9B25-FB807BADF32E}.Debug|ARM64.ActiveCfg = Debug|ARM64
		{5D6874D0-2024-42D0-9B25-FB807BADF32E}.Debug|ARM64.Build.0 = Debug|ARM64
		{5D6874D0-2024-42D0-9B25-FB807BADF32E}.Debug|ARM64.Deploy.0 = Debug|ARM64
		{5D6874D0-2024-42D0-9B25-FB807BADF32E}.Debug|x64.ActiveCfg = Debug|x64
		{5D6874D0-2024-42D0-9B25-FB807BADF32E}.Debug|x64.Build.0 = Debug|x64
		{5D6874D0-2024-42D0-9B25-FB807BADF32E}.Debug|x64.Deploy.0 = Debug|x64
		{5D6874D0-2024-42D0-9B25-FB807BADF32E}.Debug|x86.ActiveCfg = Debug|x86
		{5D6874D0-2024-42D0-9B25-FB807BADF32E}.Debug|x86.Build.0 = Debug|x86
		{5D6874D0-2024-42D0-9B25-FB807BADF32E}.Debug|x86.Deploy.0 = Debug|x86
		{5D6874D0-2024-42D0-9B25-FB807BADF32E}.Release|Any CPU.ActiveCfg = Release|Any CPU
		{5D6874D0-2024-42D0-9B25-FB807BADF32E}.Release|Any CPU.Build.0 = Release|Any CPU
		{5D6874D0-2024-42D0-9B25-FB807BADF32E}.Release|Any CPU.Deploy.0 = Release|Any CPU
		{5D6874D0-2024-42D0-9B25-FB807BADF32E}.Release|ARM.ActiveCfg = Release|ARM
		{5D6874D0-2024-42D0-9B25-FB807BADF32E}.Release|ARM.Build.0 = Release|ARM
		{5D6874D0-2024-42D0-9B25-FB807BADF32E}.Release|ARM.Deploy.0 = Release|ARM
		{5D6874D0-2024-42D0-9B25-FB807BADF32E}.Release|ARM64.ActiveCfg = Release|ARM64
		{5D6874D0-2024-42D0-9B25-FB807BADF32E}.Release|ARM64.Build.0 = Release|ARM64
		{5D6874D0-2024-42D0-9B25-FB807BADF32E}.Release|ARM64.Deploy.0 = Release|ARM64
		{5D6874D0-2024-42D0-9B25-FB807BADF32E}.Release|x64.ActiveCfg = Release|x64
		{5D6874D0-2024-42D0-9B25-FB807BADF32E}.Release|x64.Build.0 = Release|x64
		{5D6874D0-2024-42D0-9B25-FB807BADF32E}.Release|x64.Deploy.0 = Release|x64
		{5D6874D0-2024-42D0-9B25-FB807BADF32E}.Release|x86.ActiveCfg = Release|x86
		{5D6874D0-2024-42D0-9B25-FB807BADF32E}.Release|x86.Build.0 = Release|x86
		{5D6874D0-2024-42D0-9B25-FB807BADF32E}.Release|x86.Deploy.0 = Release|x86
	EndGlobalSection
	GlobalSection(SolutionProperties) = preSolution
		HideSolutionNode = FALSE
	EndGlobalSection
	GlobalSection(ExtensibilityGlobals) = postSolution
		SolutionGuid = {63326E30-FC0F-4E71-BD3F-00E210A4BFA4}
	EndGlobalSection
EndGlobal
